
Microsoft Visual Studio Solution File, Format Version 12.00
# Visual Studio Version 16
VisualStudioVersion = 16.0.32413.511
MinimumVisualStudioVersion = 10.0.40219.1
Project("{9A19103F-16F7-4668-BE54-9A1E7A4F7556}") = "WebUI", "WebUI\WebUI.csproj", "{E9744B17-725A-4FAF-AF03-F875074DE9CD}"
EndProject
Project("{9A19103F-16F7-4668-BE54-9A1E7A4F7556}") = "Bilge.Domain", "Bilge.Domain\Bilge.Domain.csproj", "{44A18331-D395-483D-BEFB-D3AF7ED687EA}"
EndProject
Project("{FAE04EC0-301F-11D3-BF4B-00C04F79EFBC}") = "Bilge.DAL", "Bilge.DAL\Bilge.DAL.csproj", "{5F1F9AE8-8713-43ED-A4D2-4BA8B3E1C02C}"
EndProject
Global
	GlobalSection(SolutionConfigurationPlatforms) = preSolution
		Debug|Any CPU = Debug|Any CPU
		Release|Any CPU = Release|Any CPU
	EndGlobalSection
	GlobalSection(ProjectConfigurationPlatforms) = postSolution
		{E9744B17-725A-4FAF-AF03-F875074DE9CD}.Debug|Any CPU.ActiveCfg = Debug|Any CPU
		{E9744B17-725A-4FAF-AF03-F875074DE9CD}.Debug|Any CPU.Build.0 = Debug|Any CPU
		{E9744B17-725A-4FAF-AF03-F875074DE9CD}.Release|Any CPU.ActiveCfg = Release|Any CPU
		{E9744B17-725A-4FAF-AF03-F875074DE9CD}.Release|Any CPU.Build.0 = Release|Any CPU
		{44A18331-D395-483D-BEFB-D3AF7ED687EA}.Debug|Any CPU.ActiveCfg = Debug|Any CPU
		{44A18331-D395-483D-BEFB-D3AF7ED687EA}.Debug|Any CPU.Build.0 = Debug|Any CPU
		{44A18331-D395-483D-BEFB-D3AF7ED687EA}.Release|Any CPU.ActiveCfg = Release|Any CPU
		{44A18331-D395-483D-BEFB-D3AF7ED687EA}.Release|Any CPU.Build.0 = Release|Any CPU
		{5F1F9AE8-8713-43ED-A4D2-4BA8B3E1C02C}.Debug|Any CPU.ActiveCfg = Debug|Any CPU
		{5F1F9AE8-8713-43ED-A4D2-4BA8B3E1C02C}.Debug|Any CPU.Build.0 = Debug|Any CPU
		{5F1F9AE8-8713-43ED-A4D2-4BA8B3E1C02C}.Release|Any CPU.ActiveCfg = Release|Any CPU
		{5F1F9AE8-8713-43ED-A4D2-4BA8B3E1C02C}.Release|Any CPU.Build.0 = Release|Any CPU
	EndGlobalSection
	GlobalSection(SolutionProperties) = preSolution
		HideSolutionNode = FALSE
	EndGlobalSection
	GlobalSection(ExtensibilityGlobals) = postSolution
		SolutionGuid = {4166E228-D227-4552-B117-59EE94E40C89}
	EndGlobalSection
EndGlobal
